
Microsoft Visual Studio Solution File, Format Version 12.00
# Visual Studio 15
VisualStudioVersion = 15.0.28010.2050
MinimumVisualStudioVersion = 10.0.40219.1
Project("{FAE04EC0-301F-11D3-BF4B-00C04F79EFBC}") = "Model", "Model\Model.csproj", "{B5243098-3354-4B21-9C87-01C307E80706}"
EndProject
Project("{FAE04EC0-301F-11D3-BF4B-00C04F79EFBC}") = "BLL", "BLL\BLL.csproj", "{9A2CF81E-5F79-41B3-B0AC-474CF2C3DD63}"
EndProject
Project("{FAE04EC0-301F-11D3-BF4B-00C04F79EFBC}") = "AutoSend", "D:\site\AutoSend\AutoSend\AutoSend.csproj", "{28169356-8CA2-4A88-94EC-7378363465A6}"
EndProject
Global
	GlobalSection(SolutionConfigurationPlatforms) = preSolution
		Debug|Any CPU = Debug|Any CPU
		Release|Any CPU = Release|Any CPU
	EndGlobalSection
	GlobalSection(ProjectConfigurationPlatforms) = postSolution
		{B5243098-3354-4B21-9C87-01C307E80706}.Debug|Any CPU.ActiveCfg = Debug|Any CPU
		{B5243098-3354-4B21-9C87-01C307E80706}.Debug|Any CPU.Build.0 = Debug|Any CPU
		{B5243098-3354-4B21-9C87-01C307E80706}.Release|Any CPU.ActiveCfg = Release|Any CPU
		{B5243098-3354-4B21-9C87-01C307E80706}.Release|Any CPU.Build.0 = Release|Any CPU
		{9A2CF81E-5F79-41B3-B0AC-474CF2C3DD63}.Debug|Any CPU.ActiveCfg = Debug|Any CPU
		{9A2CF81E-5F79-41B3-B0AC-474CF2C3DD63}.Debug|Any CPU.Build.0 = Debug|Any CPU
		{9A2CF81E-5F79-41B3-B0AC-474CF2C3DD63}.Release|Any CPU.ActiveCfg = Release|Any CPU
		{9A2CF81E-5F79-41B3-B0AC-474CF2C3DD63}.Release|Any CPU.Build.0 = Release|Any CPU
		{28169356-8CA2-4A88-94EC-7378363465A6}.Debug|Any CPU.ActiveCfg = Debug|Any CPU
		{28169356-8CA2-4A88-94EC-7378363465A6}.Debug|Any CPU.Build.0 = Debug|Any CPU
		{28169356-8CA2-4A88-94EC-7378363465A6}.Release|Any CPU.ActiveCfg = Release|Any CPU
		{28169356-8CA2-4A88-94EC-7378363465A6}.Release|Any CPU.Build.0 = Release|Any CPU
	EndGlobalSection
	GlobalSection(SolutionProperties) = preSolution
		HideSolutionNode = FALSE
	EndGlobalSection
	GlobalSection(ExtensibilityGlobals) = postSolution
		SolutionGuid = {93BE6DE4-89DB-4978-A962-039CD0E30440}
	EndGlobalSection
EndGlobal
